// !$*UTF8*$!
{
	archiveVersion = 1;
	classes = {
	};
	objectVersion = 55;
	objects = {

/* Begin PBXBuildFile section */
		A413D005284D1ABE00A33DE1 /* HeadlinesViewModel.swift in Sources */ = {isa = PBXBuildFile; fileRef = A413D004284D1ABE00A33DE1 /* HeadlinesViewModel.swift */; };
		A413D00B284D1B7B00A33DE1 /* ContentType.swift in Sources */ = {isa = PBXBuildFile; fileRef = A413D00A284D1B7B00A33DE1 /* ContentType.swift */; };
		A413D00D284D1BFE00A33DE1 /* ErrorMapper.swift in Sources */ = {isa = PBXBuildFile; fileRef = A413D00C284D1BFE00A33DE1 /* ErrorMapper.swift */; };
		A413D00F284D1D8F00A33DE1 /* SourcesViewModel.swift in Sources */ = {isa = PBXBuildFile; fileRef = A413D00E284D1D8F00A33DE1 /* SourcesViewModel.swift */; };
		A413D011284D1E4700A33DE1 /* NewsViewRow.swift in Sources */ = {isa = PBXBuildFile; fileRef = A413D010284D1E4700A33DE1 /* NewsViewRow.swift */; };
		A413D014284D201A00A33DE1 /* URLImage in Frameworks */ = {isa = PBXBuildFile; productRef = A413D013284D201A00A33DE1 /* URLImage */; };
		A413D017284D243A00A33DE1 /* CustomImageView.swift in Sources */ = {isa = PBXBuildFile; fileRef = A413D016284D243A00A33DE1 /* CustomImageView.swift */; };
		A4429160284C1118001DF164 /* NewslyApp.swift in Sources */ = {isa = PBXBuildFile; fileRef = A442915F284C1118001DF164 /* NewslyApp.swift */; };
		A4429164284C111B001DF164 /* Assets.xcassets in Resources */ = {isa = PBXBuildFile; fileRef = A4429163284C111B001DF164 /* Assets.xcassets */; };
		A4429167284C111B001DF164 /* Preview Assets.xcassets in Resources */ = {isa = PBXBuildFile; fileRef = A4429166284C111B001DF164 /* Preview Assets.xcassets */; };
		A4429170284C116D001DF164 /* RootView.swift in Sources */ = {isa = PBXBuildFile; fileRef = A442916F284C116D001DF164 /* RootView.swift */; };
		A4429173284C126E001DF164 /* NewsResponse.swift in Sources */ = {isa = PBXBuildFile; fileRef = A4429172284C126E001DF164 /* NewsResponse.swift */; };
		A4429177284C13B5001DF164 /* APIEndpoint.swift in Sources */ = {isa = PBXBuildFile; fileRef = A4429176284C13B5001DF164 /* APIEndpoint.swift */; };
		A442917A284C14D4001DF164 /* NetworkConstants.swift in Sources */ = {isa = PBXBuildFile; fileRef = A4429179284C14D4001DF164 /* NetworkConstants.swift */; };
		A442917D284C16A3001DF164 /* APIClient.swift in Sources */ = {isa = PBXBuildFile; fileRef = A442917C284C16A3001DF164 /* APIClient.swift */; };
		A4429180284C16D8001DF164 /* APIError.swift in Sources */ = {isa = PBXBuildFile; fileRef = A442917F284C16D8001DF164 /* APIError.swift */; };
		A4429183284C171A001DF164 /* APIService.swift in Sources */ = {isa = PBXBuildFile; fileRef = A4429182284C171A001DF164 /* APIService.swift */; };
		A4429186284C193A001DF164 /* HTTPMethod.swift in Sources */ = {isa = PBXBuildFile; fileRef = A4429185284C193A001DF164 /* HTTPMethod.swift */; };
		A4429188284C1B43001DF164 /* APIBuilder.swift in Sources */ = {isa = PBXBuildFile; fileRef = A4429187284C1B43001DF164 /* APIBuilder.swift */; };
		A442918A284C1D4A001DF164 /* SourcesResponse.swift in Sources */ = {isa = PBXBuildFile; fileRef = A4429189284C1D4A001DF164 /* SourcesResponse.swift */; };
		A442918D284C20AF001DF164 /* ResultState.swift in Sources */ = {isa = PBXBuildFile; fileRef = A442918C284C20AF001DF164 /* ResultState.swift */; };
		A4429190284C2170001DF164 /* NewsViewModel.swift in Sources */ = {isa = PBXBuildFile; fileRef = A442918F284C2170001DF164 /* NewsViewModel.swift */; };
/* End PBXBuildFile section */

/* Begin PBXFileReference section */
		A413D004284D1ABE00A33DE1 /* HeadlinesViewModel.swift */ = {isa = PBXFileReference; lastKnownFileType = sourcecode.swift; path = HeadlinesViewModel.swift; sourceTree = "<group>"; };
		A413D00A284D1B7B00A33DE1 /* ContentType.swift */ = {isa = PBXFileReference; lastKnownFileType = sourcecode.swift; path = ContentType.swift; sourceTree = "<group>"; };
		A413D00C284D1BFE00A33DE1 /* ErrorMapper.swift */ = {isa = PBXFileReference; lastKnownFileType = sourcecode.swift; path = ErrorMapper.swift; sourceTree = "<group>"; };
		A413D00E284D1D8F00A33DE1 /* SourcesViewModel.swift */ = {isa = PBXFileReference; lastKnownFileType = sourcecode.swift; path = SourcesViewModel.swift; sourceTree = "<group>"; };
		A413D010284D1E4700A33DE1 /* NewsViewRow.swift */ = {isa = PBXFileReference; lastKnownFileType = sourcecode.swift; path = NewsViewRow.swift; sourceTree = "<group>"; };
		A413D016284D243A00A33DE1 /* CustomImageView.swift */ = {isa = PBXFileReference; lastKnownFileType = sourcecode.swift; path = CustomImageView.swift; sourceTree = "<group>"; };
		A442915C284C1118001DF164 /* Newsly.app */ = {isa = PBXFileReference; explicitFileType = wrapper.application; includeInIndex = 0; path = Newsly.app; sourceTree = BUILT_PRODUCTS_DIR; };
		A442915F284C1118001DF164 /* NewslyApp.swift */ = {isa = PBXFileReference; lastKnownFileType = sourcecode.swift; path = NewslyApp.swift; sourceTree = "<group>"; };
		A4429163284C111B001DF164 /* Assets.xcassets */ = {isa = PBXFileReference; lastKnownFileType = folder.assetcatalog; path = Assets.xcassets; sourceTree = "<group>"; };
		A4429166284C111B001DF164 /* Preview Assets.xcassets */ = {isa = PBXFileReference; lastKnownFileType = folder.assetcatalog; path = "Preview Assets.xcassets"; sourceTree = "<group>"; };
		A442916F284C116D001DF164 /* RootView.swift */ = {isa = PBXFileReference; lastKnownFileType = sourcecode.swift; path = RootView.swift; sourceTree = "<group>"; };
		A4429172284C126E001DF164 /* NewsResponse.swift */ = {isa = PBXFileReference; lastKnownFileType = sourcecode.swift; path = NewsResponse.swift; sourceTree = "<group>"; };
		A4429176284C13B5001DF164 /* APIEndpoint.swift */ = {isa = PBXFileReference; lastKnownFileType = sourcecode.swift; path = APIEndpoint.swift; sourceTree = "<group>"; };
		A4429179284C14D4001DF164 /* NetworkConstants.swift */ = {isa = PBXFileReference; lastKnownFileType = sourcecode.swift; path = NetworkConstants.swift; sourceTree = "<group>"; };
		A442917C284C16A3001DF164 /* APIClient.swift */ = {isa = PBXFileReference; lastKnownFileType = sourcecode.swift; path = APIClient.swift; sourceTree = "<group>"; };
		A442917F284C16D8001DF164 /* APIError.swift */ = {isa = PBXFileReference; lastKnownFileType = sourcecode.swift; path = APIError.swift; sourceTree = "<group>"; };
		A4429182284C171A001DF164 /* APIService.swift */ = {isa = PBXFileReference; lastKnownFileType = sourcecode.swift; path = APIService.swift; sourceTree = "<group>"; };
		A4429185284C193A001DF164 /* HTTPMethod.swift */ = {isa = PBXFileReference; lastKnownFileType = sourcecode.swift; path = HTTPMethod.swift; sourceTree = "<group>"; };
		A4429187284C1B43001DF164 /* APIBuilder.swift */ = {isa = PBXFileReference; lastKnownFileType = sourcecode.swift; path = APIBuilder.swift; sourceTree = "<group>"; };
		A4429189284C1D4A001DF164 /* SourcesResponse.swift */ = {isa = PBXFileReference; lastKnownFileType = sourcecode.swift; path = SourcesResponse.swift; sourceTree = "<group>"; };
		A442918C284C20AF001DF164 /* ResultState.swift */ = {isa = PBXFileReference; lastKnownFileType = sourcecode.swift; path = ResultState.swift; sourceTree = "<group>"; };
		A442918F284C2170001DF164 /* NewsViewModel.swift */ = {isa = PBXFileReference; lastKnownFileType = sourcecode.swift; path = NewsViewModel.swift; sourceTree = "<group>"; };
/* End PBXFileReference section */

/* Begin PBXFrameworksBuildPhase section */
		A4429159284C1118001DF164 /* Frameworks */ = {
			isa = PBXFrameworksBuildPhase;
			buildActionMask = 2147483647;
			files = (
				A413D014284D201A00A33DE1 /* URLImage in Frameworks */,
			);
			runOnlyForDeploymentPostprocessing = 0;
		};
/* End PBXFrameworksBuildPhase section */

/* Begin PBXGroup section */
		A413D000284D1A6600A33DE1 /* Root */ = {
			isa = PBXGroup;
			children = (
				A442916F284C116D001DF164 /* RootView.swift */,
			);
			path = Root;
			sourceTree = "<group>";
		};
		A413D001284D1A6B00A33DE1 /* News */ = {
			isa = PBXGroup;
			children = (
				A413D010284D1E4700A33DE1 /* NewsViewRow.swift */,
			);
			path = News;
			sourceTree = "<group>";
		};
		A413D002284D1A7100A33DE1 /* Headlines */ = {
			isa = PBXGroup;
			children = (
			);
			path = Headlines;
			sourceTree = "<group>";
		};
		A413D003284D1A7600A33DE1 /* Sources */ = {
			isa = PBXGroup;
			children = (
			);
			path = Sources;
			sourceTree = "<group>";
		};
		A413D008284D1B5400A33DE1 /* Mapper */ = {
			isa = PBXGroup;
			children = (
				A413D00C284D1BFE00A33DE1 /* ErrorMapper.swift */,
			);
			path = Mapper;
			sourceTree = "<group>";
		};
		A413D009284D1B6C00A33DE1 /* Types */ = {
			isa = PBXGroup;
			children = (
				A413D00A284D1B7B00A33DE1 /* ContentType.swift */,
			);
			path = Types;
			sourceTree = "<group>";
		};
		A413D015284D242A00A33DE1 /* Components */ = {
			isa = PBXGroup;
			children = (
				A413D016284D243A00A33DE1 /* CustomImageView.swift */,
			);
			path = Components;
			sourceTree = "<group>";
		};
		A4429153284C1118001DF164 = {
			isa = PBXGroup;
			children = (
				A442915E284C1118001DF164 /* Newsly */,
				A442915D284C1118001DF164 /* Products */,
			);
			sourceTree = "<group>";
		};
		A442915D284C1118001DF164 /* Products */ = {
			isa = PBXGroup;
			children = (
				A442915C284C1118001DF164 /* Newsly.app */,
			);
			name = Products;
			sourceTree = "<group>";
		};
		A442915E284C1118001DF164 /* Newsly */ = {
			isa = PBXGroup;
			children = (
				A442916D284C1158001DF164 /* App */,
				A442916E284C115F001DF164 /* Views */,
				A442918E284C2152001DF164 /* ViewModels */,
				A4429171284C1261001DF164 /* Models */,
				A413D008284D1B5400A33DE1 /* Mapper */,
				A442918B284C20A4001DF164 /* States */,
				A4429174284C1398001DF164 /* Networking */,
				A4429163284C111B001DF164 /* Assets.xcassets */,
				A4429165284C111B001DF164 /* Preview Content */,
			);
			path = Newsly;
			sourceTree = "<group>";
		};
		A4429165284C111B001DF164 /* Preview Content */ = {
			isa = PBXGroup;
			children = (
				A4429166284C111B001DF164 /* Preview Assets.xcassets */,
			);
			path = "Preview Content";
			sourceTree = "<group>";
		};
		A442916D284C1158001DF164 /* App */ = {
			isa = PBXGroup;
			children = (
				A442915F284C1118001DF164 /* NewslyApp.swift */,
			);
			path = App;
			sourceTree = "<group>";
		};
		A442916E284C115F001DF164 /* Views */ = {
			isa = PBXGroup;
			children = (
				A413D000284D1A6600A33DE1 /* Root */,
				A413D003284D1A7600A33DE1 /* Sources */,
				A413D002284D1A7100A33DE1 /* Headlines */,
				A413D001284D1A6B00A33DE1 /* News */,
				A413D015284D242A00A33DE1 /* Components */,
			);
			path = Views;
			sourceTree = "<group>";
		};
		A4429171284C1261001DF164 /* Models */ = {
			isa = PBXGroup;
			children = (
				A413D009284D1B6C00A33DE1 /* Types */,
				A4429172284C126E001DF164 /* NewsResponse.swift */,
				A4429189284C1D4A001DF164 /* SourcesResponse.swift */,
			);
			path = Models;
			sourceTree = "<group>";
		};
		A4429174284C1398001DF164 /* Networking */ = {
			isa = PBXGroup;
			children = (
				A4429184284C1929001DF164 /* Types */,
				A442917B284C1698001DF164 /* Protocols */,
				A4429178284C14C5001DF164 /* Constants */,
				A4429175284C13A1001DF164 /* Endpoint */,
				A4429181284C170A001DF164 /* Services */,
			);
			path = Networking;
			sourceTree = "<group>";
		};
		A4429175284C13A1001DF164 /* Endpoint */ = {
			isa = PBXGroup;
			children = (
				A4429176284C13B5001DF164 /* APIEndpoint.swift */,
			);
			path = Endpoint;
			sourceTree = "<group>";
		};
		A4429178284C14C5001DF164 /* Constants */ = {
			isa = PBXGroup;
			children = (
				A4429179284C14D4001DF164 /* NetworkConstants.swift */,
			);
			path = Constants;
			sourceTree = "<group>";
		};
		A442917B284C1698001DF164 /* Protocols */ = {
			isa = PBXGroup;
			children = (
				A442917C284C16A3001DF164 /* APIClient.swift */,
				A4429187284C1B43001DF164 /* APIBuilder.swift */,
			);
			path = Protocols;
			sourceTree = "<group>";
		};
		A4429181284C170A001DF164 /* Services */ = {
			isa = PBXGroup;
			children = (
				A4429182284C171A001DF164 /* APIService.swift */,
			);
			path = Services;
			sourceTree = "<group>";
		};
		A4429184284C1929001DF164 /* Types */ = {
			isa = PBXGroup;
			children = (
				A442917F284C16D8001DF164 /* APIError.swift */,
				A4429185284C193A001DF164 /* HTTPMethod.swift */,
			);
			path = Types;
			sourceTree = "<group>";
		};
		A442918B284C20A4001DF164 /* States */ = {
			isa = PBXGroup;
			children = (
				A442918C284C20AF001DF164 /* ResultState.swift */,
			);
			path = States;
			sourceTree = "<group>";
		};
		A442918E284C2152001DF164 /* ViewModels */ = {
			isa = PBXGroup;
			children = (
				A442918F284C2170001DF164 /* NewsViewModel.swift */,
				A413D004284D1ABE00A33DE1 /* HeadlinesViewModel.swift */,
				A413D00E284D1D8F00A33DE1 /* SourcesViewModel.swift */,
			);
			path = ViewModels;
			sourceTree = "<group>";
		};
/* End PBXGroup section */

/* Begin PBXNativeTarget section */
		A442915B284C1118001DF164 /* Newsly */ = {
			isa = PBXNativeTarget;
			buildConfigurationList = A442916A284C111B001DF164 /* Build configuration list for PBXNativeTarget "Newsly" */;
			buildPhases = (
				A4429158284C1118001DF164 /* Sources */,
				A4429159284C1118001DF164 /* Frameworks */,
				A442915A284C1118001DF164 /* Resources */,
			);
			buildRules = (
			);
			dependencies = (
			);
			name = Newsly;
			packageProductDependencies = (
				A413D013284D201A00A33DE1 /* URLImage */,
			);
			productName = Newsly;
			productReference = A442915C284C1118001DF164 /* Newsly.app */;
			productType = "com.apple.product-type.application";
		};
/* End PBXNativeTarget section */

/* Begin PBXProject section */
		A4429154284C1118001DF164 /* Project object */ = {
			isa = PBXProject;
			attributes = {
				BuildIndependentTargetsInParallel = 1;
				LastSwiftUpdateCheck = 1340;
				LastUpgradeCheck = 1340;
				TargetAttributes = {
					A442915B284C1118001DF164 = {
						CreatedOnToolsVersion = 13.4;
					};
				};
			};
			buildConfigurationList = A4429157284C1118001DF164 /* Build configuration list for PBXProject "Newsly" */;
			compatibilityVersion = "Xcode 13.0";
			developmentRegion = en;
			hasScannedForEncodings = 0;
			knownRegions = (
				en,
				Base,
			);
			mainGroup = A4429153284C1118001DF164;
			packageReferences = (
				A413D012284D201A00A33DE1 /* XCRemoteSwiftPackageReference "url-image" */,
			);
			productRefGroup = A442915D284C1118001DF164 /* Products */;
			projectDirPath = "";
			projectRoot = "";
			targets = (
				A442915B284C1118001DF164 /* Newsly */,
			);
		};
/* End PBXProject section */

/* Begin PBXResourcesBuildPhase section */
		A442915A284C1118001DF164 /* Resources */ = {
			isa = PBXResourcesBuildPhase;
			buildActionMask = 2147483647;
			files = (
				A4429167284C111B001DF164 /* Preview Assets.xcassets in Resources */,
				A4429164284C111B001DF164 /* Assets.xcassets in Resources */,
			);
			runOnlyForDeploymentPostprocessing = 0;
		};
/* End PBXResourcesBuildPhase section */

/* Begin PBXSourcesBuildPhase section */
		A4429158284C1118001DF164 /* Sources */ = {
			isa = PBXSourcesBuildPhase;
			buildActionMask = 2147483647;
			files = (
				A4429177284C13B5001DF164 /* APIEndpoint.swift in Sources */,
				A4429170284C116D001DF164 /* RootView.swift in Sources */,
				A442918A284C1D4A001DF164 /* SourcesResponse.swift in Sources */,
				A442917A284C14D4001DF164 /* NetworkConstants.swift in Sources */,
				A4429160284C1118001DF164 /* NewslyApp.swift in Sources */,
				A413D00B284D1B7B00A33DE1 /* ContentType.swift in Sources */,
				A4429190284C2170001DF164 /* NewsViewModel.swift in Sources */,
				A413D005284D1ABE00A33DE1 /* HeadlinesViewModel.swift in Sources */,
				A4429173284C126E001DF164 /* NewsResponse.swift in Sources */,
				A4429186284C193A001DF164 /* HTTPMethod.swift in Sources */,
				A442917D284C16A3001DF164 /* APIClient.swift in Sources */,
				A413D00D284D1BFE00A33DE1 /* ErrorMapper.swift in Sources */,
				A413D017284D243A00A33DE1 /* CustomImageView.swift in Sources */,
				A413D00F284D1D8F00A33DE1 /* SourcesViewModel.swift in Sources */,
				A442918D284C20AF001DF164 /* ResultState.swift in Sources */,
				A4429183284C171A001DF164 /* APIService.swift in Sources */,
				A4429188284C1B43001DF164 /* APIBuilder.swift in Sources */,
				A413D011284D1E4700A33DE1 /* NewsViewRow.swift in Sources */,
				A4429180284C16D8001DF164 /* APIError.swift in Sources */,
			);
			runOnlyForDeploymentPostprocessing = 0;
		};
/* End PBXSourcesBuildPhase section */

/* Begin XCBuildConfiguration section */
		A4429168284C111B001DF164 /* Debug */ = {
			isa = XCBuildConfiguration;
			buildSettings = {
				ALWAYS_SEARCH_USER_PATHS = NO;
				CLANG_ANALYZER_NONNULL = YES;
				CLANG_ANALYZER_NUMBER_OBJECT_CONVERSION = YES_AGGRESSIVE;
				CLANG_CXX_LANGUAGE_STANDARD = "gnu++17";
				CLANG_ENABLE_MODULES = YES;
				CLANG_ENABLE_OBJC_ARC = YES;
				CLANG_ENABLE_OBJC_WEAK = YES;
				CLANG_WARN_BLOCK_CAPTURE_AUTORELEASING = YES;
				CLANG_WARN_BOOL_CONVERSION = YES;
				CLANG_WARN_COMMA = YES;
				CLANG_WARN_CONSTANT_CONVERSION = YES;
				CLANG_WARN_DEPRECATED_OBJC_IMPLEMENTATIONS = YES;
				CLANG_WARN_DIRECT_OBJC_ISA_USAGE = YES_ERROR;
				CLANG_WARN_DOCUMENTATION_COMMENTS = YES;
				CLANG_WARN_EMPTY_BODY = YES;
				CLANG_WARN_ENUM_CONVERSION = YES;
				CLANG_WARN_INFINITE_RECURSION = YES;
				CLANG_WARN_INT_CONVERSION = YES;
				CLANG_WARN_NON_LITERAL_NULL_CONVERSION = YES;
				CLANG_WARN_OBJC_IMPLICIT_RETAIN_SELF = YES;
				CLANG_WARN_OBJC_LITERAL_CONVERSION = YES;
				CLANG_WARN_OBJC_ROOT_CLASS = YES_ERROR;
				CLANG_WARN_QUOTED_INCLUDE_IN_FRAMEWORK_HEADER = YES;
				CLANG_WARN_RANGE_LOOP_ANALYSIS = YES;
				CLANG_WARN_STRICT_PROTOTYPES = YES;
				CLANG_WARN_SUSPICIOUS_MOVE = YES;
				CLANG_WARN_UNGUARDED_AVAILABILITY = YES_AGGRESSIVE;
				CLANG_WARN_UNREACHABLE_CODE = YES;
				CLANG_WARN__DUPLICATE_METHOD_MATCH = YES;
				COPY_PHASE_STRIP = NO;
				DEBUG_INFORMATION_FORMAT = dwarf;
				ENABLE_STRICT_OBJC_MSGSEND = YES;
				ENABLE_TESTABILITY = YES;
				GCC_C_LANGUAGE_STANDARD = gnu11;
				GCC_DYNAMIC_NO_PIC = NO;
				GCC_NO_COMMON_BLOCKS = YES;
				GCC_OPTIMIZATION_LEVEL = 0;
				GCC_PREPROCESSOR_DEFINITIONS = (
					"DEBUG=1",
					"$(inherited)",
				);
				GCC_WARN_64_TO_32_BIT_CONVERSION = YES;
				GCC_WARN_ABOUT_RETURN_TYPE = YES_ERROR;
				GCC_WARN_UNDECLARED_SELECTOR = YES;
				GCC_WARN_UNINITIALIZED_AUTOS = YES_AGGRESSIVE;
				GCC_WARN_UNUSED_FUNCTION = YES;
				GCC_WARN_UNUSED_VARIABLE = YES;
				IPHONEOS_DEPLOYMENT_TARGET = 15.5;
				MTL_ENABLE_DEBUG_INFO = INCLUDE_SOURCE;
				MTL_FAST_MATH = YES;
				ONLY_ACTIVE_ARCH = YES;
				SDKROOT = iphoneos;
				SWIFT_ACTIVE_COMPILATION_CONDITIONS = DEBUG;
				SWIFT_OPTIMIZATION_LEVEL = "-Onone";
			};
			name = Debug;
		};
		A4429169284C111B001DF164 /* Release */ = {
			isa = XCBuildConfiguration;
			buildSettings = {
				ALWAYS_SEARCH_USER_PATHS = NO;
				CLANG_ANALYZER_NONNULL = YES;
				CLANG_ANALYZER_NUMBER_OBJECT_CONVERSION = YES_AGGRESSIVE;
				CLANG_CXX_LANGUAGE_STANDARD = "gnu++17";
				CLANG_ENABLE_MODULES = YES;
				CLANG_ENABLE_OBJC_ARC = YES;
				CLANG_ENABLE_OBJC_WEAK = YES;
				CLANG_WARN_BLOCK_CAPTURE_AUTORELEASING = YES;
				CLANG_WARN_BOOL_CONVERSION = YES;
				CLANG_WARN_COMMA = YES;
				CLANG_WARN_CONSTANT_CONVERSION = YES;
				CLANG_WARN_DEPRECATED_OBJC_IMPLEMENTATIONS = YES;
				CLANG_WARN_DIRECT_OBJC_ISA_USAGE = YES_ERROR;
				CLANG_WARN_DOCUMENTATION_COMMENTS = YES;
				CLANG_WARN_EMPTY_BODY = YES;
				CLANG_WARN_ENUM_CONVERSION = YES;
				CLANG_WARN_INFINITE_RECURSION = YES;
				CLANG_WARN_INT_CONVERSION = YES;
				CLANG_WARN_NON_LITERAL_NULL_CONVERSION = YES;
				CLANG_WARN_OBJC_IMPLICIT_RETAIN_SELF = YES;
				CLANG_WARN_OBJC_LITERAL_CONVERSION = YES;
				CLANG_WARN_OBJC_ROOT_CLASS = YES_ERROR;
				CLANG_WARN_QUOTED_INCLUDE_IN_FRAMEWORK_HEADER = YES;
				CLANG_WARN_RANGE_LOOP_ANALYSIS = YES;
				CLANG_WARN_STRICT_PROTOTYPES = YES;
				CLANG_WARN_SUSPICIOUS_MOVE = YES;
				CLANG_WARN_UNGUARDED_AVAILABILITY = YES_AGGRESSIVE;
				CLANG_WARN_UNREACHABLE_CODE = YES;
				CLANG_WARN__DUPLICATE_METHOD_MATCH = YES;
				COPY_PHASE_STRIP = NO;
				DEBUG_INFORMATION_FORMAT = "dwarf-with-dsym";
				ENABLE_NS_ASSERTIONS = NO;
				ENABLE_STRICT_OBJC_MSGSEND = YES;
				GCC_C_LANGUAGE_STANDARD = gnu11;
				GCC_NO_COMMON_BLOCKS = YES;
				GCC_WARN_64_TO_32_BIT_CONVERSION = YES;
				GCC_WARN_ABOUT_RETURN_TYPE = YES_ERROR;
				GCC_WARN_UNDECLARED_SELECTOR = YES;
				GCC_WARN_UNINITIALIZED_AUTOS = YES_AGGRESSIVE;
				GCC_WARN_UNUSED_FUNCTION = YES;
				GCC_WARN_UNUSED_VARIABLE = YES;
				IPHONEOS_DEPLOYMENT_TARGET = 15.5;
				MTL_ENABLE_DEBUG_INFO = NO;
				MTL_FAST_MATH = YES;
				SDKROOT = iphoneos;
				SWIFT_COMPILATION_MODE = wholemodule;
				SWIFT_OPTIMIZATION_LEVEL = "-O";
				VALIDATE_PRODUCT = YES;
			};
			name = Release;
		};
		A442916B284C111B001DF164 /* Debug */ = {
			isa = XCBuildConfiguration;
			buildSettings = {
				ASSETCATALOG_COMPILER_APPICON_NAME = AppIcon;
				ASSETCATALOG_COMPILER_GLOBAL_ACCENT_COLOR_NAME = AccentColor;
				CODE_SIGN_STYLE = Automatic;
				CURRENT_PROJECT_VERSION = 1;
				DEVELOPMENT_ASSET_PATHS = "\"Newsly/Preview Content\"";
				DEVELOPMENT_TEAM = 97KAAZKBB2;
				ENABLE_PREVIEWS = YES;
				GENERATE_INFOPLIST_FILE = YES;
				INFOPLIST_KEY_UIApplicationSceneManifest_Generation = YES;
				INFOPLIST_KEY_UIApplicationSupportsIndirectInputEvents = YES;
				INFOPLIST_KEY_UILaunchScreen_Generation = YES;
				INFOPLIST_KEY_UISupportedInterfaceOrientations_iPad = "UIInterfaceOrientationPortrait UIInterfaceOrientationPortraitUpsideDown UIInterfaceOrientationLandscapeLeft UIInterfaceOrientationLandscapeRight";
				INFOPLIST_KEY_UISupportedInterfaceOrientations_iPhone = "UIInterfaceOrientationPortrait UIInterfaceOrientationLandscapeLeft UIInterfaceOrientationLandscapeRight";
				LD_RUNPATH_SEARCH_PATHS = (
					"$(inherited)",
					"@executable_path/Frameworks",
				);
				MARKETING_VERSION = 1.0;
				PRODUCT_BUNDLE_IDENTIFIER = com.tests.Newsly;
				PRODUCT_NAME = "$(TARGET_NAME)";
				SWIFT_EMIT_LOC_STRINGS = YES;
				SWIFT_VERSION = 5.0;
				TARGETED_DEVICE_FAMILY = "1,2";
			};
			name = Debug;
		};
		A442916C284C111B001DF164 /* Release */ = {
			isa = XCBuildConfiguration;
			buildSettings = {
				ASSETCATALOG_COMPILER_APPICON_NAME = AppIcon;
				ASSETCATALOG_COMPILER_GLOBAL_ACCENT_COLOR_NAME = AccentColor;
				CODE_SIGN_STYLE = Automatic;
				CURRENT_PROJECT_VERSION = 1;
				DEVELOPMENT_ASSET_PATHS = "\"Newsly/Preview Content\"";
				DEVELOPMENT_TEAM = 97KAAZKBB2;
				ENABLE_PREVIEWS = YES;
				GENERATE_INFOPLIST_FILE = YES;
				INFOPLIST_KEY_UIApplicationSceneManifest_Generation = YES;
				INFOPLIST_KEY_UIApplicationSupportsIndirectInputEvents = YES;
				INFOPLIST_KEY_UILaunchScreen_Generation = YES;
				INFOPLIST_KEY_UISupportedInterfaceOrientations_iPad = "UIInterfaceOrientationPortrait UIInterfaceOrientationPortraitUpsideDown UIInterfaceOrientationLandscapeLeft UIInterfaceOrientationLandscapeRight";
				INFOPLIST_KEY_UISupportedInterfaceOrientations_iPhone = "UIInterfaceOrientationPortrait UIInterfaceOrientationLandscapeLeft UIInterfaceOrientationLandscapeRight";
				LD_RUNPATH_SEARCH_PATHS = (
					"$(inherited)",
					"@executable_path/Frameworks",
				);
				MARKETING_VERSION = 1.0;
				PRODUCT_BUNDLE_IDENTIFIER = com.tests.Newsly;
				PRODUCT_NAME = "$(TARGET_NAME)";
				SWIFT_EMIT_LOC_STRINGS = YES;
				SWIFT_VERSION = 5.0;
				TARGETED_DEVICE_FAMILY = "1,2";
			};
			name = Release;
		};
/* End XCBuildConfiguration section */

/* Begin XCConfigurationList section */
		A4429157284C1118001DF164 /* Build configuration list for PBXProject "Newsly" */ = {
			isa = XCConfigurationList;
			buildConfigurations = (
				A4429168284C111B001DF164 /* Debug */,
				A4429169284C111B001DF164 /* Release */,
			);
			defaultConfigurationIsVisible = 0;
			defaultConfigurationName = Release;
		};
		A442916A284C111B001DF164 /* Build configuration list for PBXNativeTarget "Newsly" */ = {
			isa = XCConfigurationList;
			buildConfigurations = (
				A442916B284C111B001DF164 /* Debug */,
				A442916C284C111B001DF164 /* Release */,
			);
			defaultConfigurationIsVisible = 0;
			defaultConfigurationName = Release;
		};
/* End XCConfigurationList section */

/* Begin XCRemoteSwiftPackageReference section */
		A413D012284D201A00A33DE1 /* XCRemoteSwiftPackageReference "url-image" */ = {
			isa = XCRemoteSwiftPackageReference;
			repositoryURL = "https://github.com/dmytro-anokhin/url-image";
			requirement = {
				kind = upToNextMajorVersion;
				minimumVersion = 3.0.0;
			};
		};
/* End XCRemoteSwiftPackageReference section */

/* Begin XCSwiftPackageProductDependency section */
		A413D013284D201A00A33DE1 /* URLImage */ = {
			isa = XCSwiftPackageProductDependency;
			package = A413D012284D201A00A33DE1 /* XCRemoteSwiftPackageReference "url-image" */;
			productName = URLImage;
		};
/* End XCSwiftPackageProductDependency section */
	};
	rootObject = A4429154284C1118001DF164 /* Project object */;
}
